
Microsoft Visual Studio Solution File, Format Version 12.00
Project("{FAE04EC0-301F-11D3-BF4B-00C04F79EFBC}") = "Project06MonteCarlo", "Project06MonteCarlo\Project06MonteCarlo.csproj", "{40814C6E-2C47-414E-9C48-58E040D0B4E3}"
EndProject
Global
	GlobalSection(SolutionConfigurationPlatforms) = preSolution
		Debug|Any CPU = Debug|Any CPU
		Release|Any CPU = Release|Any CPU
	EndGlobalSection
	GlobalSection(ProjectConfigurationPlatforms) = postSolution
		{40814C6E-2C47-414E-9C48-58E040D0B4E3}.Debug|Any CPU.ActiveCfg = Debug|Any CPU
		{40814C6E-2C47-414E-9C48-58E040D0B4E3}.Debug|Any CPU.Build.0 = Debug|Any CPU
		{40814C6E-2C47-414E-9C48-58E040D0B4E3}.Release|Any CPU.ActiveCfg = Release|Any CPU
		{40814C6E-2C47-414E-9C48-58E040D0B4E3}.Release|Any CPU.Build.0 = Release|Any CPU
	EndGlobalSection
EndGlobal
