
Microsoft Visual Studio Solution File, Format Version 12.00
# Visual Studio Version 16
VisualStudioVersion = 16.0.31624.102
MinimumVisualStudioVersion = 10.0.40219.1
Project("{FAE04EC0-301F-11D3-BF4B-00C04F79EFBC}") = "LinearEquations", "LinearEquations\LinearEquations.csproj", "{3813A437-6EDE-4B49-B6C4-8E8C53C2327D}"
EndProject
Global
	GlobalSection(SolutionConfigurationPlatforms) = preSolution
		Debug|Any CPU = Debug|Any CPU
		Release|Any CPU = Release|Any CPU
	EndGlobalSection
	GlobalSection(ProjectConfigurationPlatforms) = postSolution
		{3813A437-6EDE-4B49-B6C4-8E8C53C2327D}.Debug|Any CPU.ActiveCfg = Debug|Any CPU
		{3813A437-6EDE-4B49-B6C4-8E8C53C2327D}.Debug|Any CPU.Build.0 = Debug|Any CPU
		{3813A437-6EDE-4B49-B6C4-8E8C53C2327D}.Release|Any CPU.ActiveCfg = Release|Any CPU
		{3813A437-6EDE-4B49-B6C4-8E8C53C2327D}.Release|Any CPU.Build.0 = Release|Any CPU
	EndGlobalSection
	GlobalSection(SolutionProperties) = preSolution
		HideSolutionNode = FALSE
	EndGlobalSection
	GlobalSection(ExtensibilityGlobals) = postSolution
		SolutionGuid = {4A8EB33C-9253-4B64-93B8-B83C90C7384B}
	EndGlobalSection
EndGlobal
