
Microsoft Visual Studio Solution File, Format Version 12.00
# Visual Studio Version 16
VisualStudioVersion = 16.0.31911.196
MinimumVisualStudioVersion = 10.0.40219.1
Project("{FAE04EC0-301F-11D3-BF4B-00C04F79EFBC}") = "Polynomial_Functions", "Polynomial_Functions\Polynomial_Functions.csproj", "{F0336CB2-58B3-4C4D-A5C6-E28AB8ADBC2C}"
EndProject
Global
	GlobalSection(SolutionConfigurationPlatforms) = preSolution
		Debug|Any CPU = Debug|Any CPU
		Release|Any CPU = Release|Any CPU
	EndGlobalSection
	GlobalSection(ProjectConfigurationPlatforms) = postSolution
		{F0336CB2-58B3-4C4D-A5C6-E28AB8ADBC2C}.Debug|Any CPU.ActiveCfg = Debug|Any CPU
		{F0336CB2-58B3-4C4D-A5C6-E28AB8ADBC2C}.Debug|Any CPU.Build.0 = Debug|Any CPU
		{F0336CB2-58B3-4C4D-A5C6-E28AB8ADBC2C}.Release|Any CPU.ActiveCfg = Release|Any CPU
		{F0336CB2-58B3-4C4D-A5C6-E28AB8ADBC2C}.Release|Any CPU.Build.0 = Release|Any CPU
	EndGlobalSection
	GlobalSection(SolutionProperties) = preSolution
		HideSolutionNode = FALSE
	EndGlobalSection
	GlobalSection(ExtensibilityGlobals) = postSolution
		SolutionGuid = {95495C69-B932-49EF-BAFB-4E9D007C2214}
	EndGlobalSection
EndGlobal
